// !$*UTF8*$!
{
	archiveVersion = 1;
	classes = {
	};
	objectVersion = 46;
	objects = {

/* Begin PBXBuildFile section */
		0CAFF3831CB1705500F413DD /* AppDelegate.swift in Sources */ = {isa = PBXBuildFile; fileRef = 0CAFF3821CB1705500F413DD /* AppDelegate.swift */; };
		0CAFF3851CB1705500F413DD /* ViewController.swift in Sources */ = {isa = PBXBuildFile; fileRef = 0CAFF3841CB1705500F413DD /* ViewController.swift */; };
		0CAFF3881CB1705500F413DD /* Main.storyboard in Resources */ = {isa = PBXBuildFile; fileRef = 0CAFF3861CB1705500F413DD /* Main.storyboard */; };
		0CAFF38A1CB1705500F413DD /* Assets.xcassets in Resources */ = {isa = PBXBuildFile; fileRef = 0CAFF3891CB1705500F413DD /* Assets.xcassets */; };
		0CAFF38D1CB1705500F413DD /* LaunchScreen.storyboard in Resources */ = {isa = PBXBuildFile; fileRef = 0CAFF38B1CB1705500F413DD /* LaunchScreen.storyboard */; };
		0CAFF3981CB1705500F413DD /* Map_DemoTests.swift in Sources */ = {isa = PBXBuildFile; fileRef = 0CAFF3971CB1705500F413DD /* Map_DemoTests.swift */; };
		0CAFF3A31CB1705500F413DD /* Map_DemoUITests.swift in Sources */ = {isa = PBXBuildFile; fileRef = 0CAFF3A21CB1705500F413DD /* Map_DemoUITests.swift */; };
		0CAFF3B11CB1789000F413DD /* CoreLocation.framework in Frameworks */ = {isa = PBXBuildFile; fileRef = 0CAFF3B01CB1789000F413DD /* CoreLocation.framework */; };
/* End PBXBuildFile section */

/* Begin PBXContainerItemProxy section */
		0CAFF3941CB1705500F413DD /* PBXContainerItemProxy */ = {
			isa = PBXContainerItemProxy;
			containerPortal = 0CAFF3771CB1705500F413DD /* Project object */;
			proxyType = 1;
			remoteGlobalIDString = 0CAFF37E1CB1705500F413DD;
			remoteInfo = "Map Demo";
		};
		0CAFF39F1CB1705500F413DD /* PBXContainerItemProxy */ = {
			isa = PBXContainerItemProxy;
			containerPortal = 0CAFF3771CB1705500F413DD /* Project object */;
			proxyType = 1;
			remoteGlobalIDString = 0CAFF37E1CB1705500F413DD;
			remoteInfo = "Map Demo";
		};
/* End PBXContainerItemProxy section */

/* Begin PBXFileReference section */
		0CAFF37F1CB1705500F413DD /* Map Demo.app */ = {isa = PBXFileReference; explicitFileType = wrapper.application; includeInIndex = 0; path = "Map Demo.app"; sourceTree = BUILT_PRODUCTS_DIR; };
		0CAFF3821CB1705500F413DD /* AppDelegate.swift */ = {isa = PBXFileReference; lastKnownFileType = sourcecode.swift; path = AppDelegate.swift; sourceTree = "<group>"; };
		0CAFF3841CB1705500F413DD /* ViewController.swift */ = {isa = PBXFileReference; lastKnownFileType = sourcecode.swift; path = ViewController.swift; sourceTree = "<group>"; };
		0CAFF3871CB1705500F413DD /* Base */ = {isa = PBXFileReference; lastKnownFileType = file.storyboard; name = Base; path = Base.lproj/Main.storyboard; sourceTree = "<group>"; };
		0CAFF3891CB1705500F413DD /* Assets.xcassets */ = {isa = PBXFileReference; lastKnownFileType = folder.assetcatalog; path = Assets.xcassets; sourceTree = "<group>"; };
		0CAFF38C1CB1705500F413DD /* Base */ = {isa = PBXFileReference; lastKnownFileType = file.storyboard; name = Base; path = Base.lproj/LaunchScreen.storyboard; sourceTree = "<group>"; };
		0CAFF38E1CB1705500F413DD /* Info.plist */ = {isa = PBXFileReference; lastKnownFileType = text.plist.xml; path = Info.plist; sourceTree = "<group>"; };
		0CAFF3931CB1705500F413DD /* Map DemoTests.xctest */ = {isa = PBXFileReference; explicitFileType = wrapper.cfbundle; includeInIndex = 0; path = "Map DemoTests.xctest"; sourceTree = BUILT_PRODUCTS_DIR; };
		0CAFF3971CB1705500F413DD /* Map_DemoTests.swift */ = {isa = PBXFileReference; lastKnownFileType = sourcecode.swift; path = Map_DemoTests.swift; sourceTree = "<group>"; };
		0CAFF3991CB1705500F413DD /* Info.plist */ = {isa = PBXFileReference; lastKnownFileType = text.plist.xml; path = Info.plist; sourceTree = "<group>"; };
		0CAFF39E1CB1705500F413DD /* Map DemoUITests.xctest */ = {isa = PBXFileReference; explicitFileType = wrapper.cfbundle; includeInIndex = 0; path = "Map DemoUITests.xctest"; sourceTree = BUILT_PRODUCTS_DIR; };
		0CAFF3A21CB1705500F413DD /* Map_DemoUITests.swift */ = {isa = PBXFileReference; lastKnownFileType = sourcecode.swift; path = Map_DemoUITests.swift; sourceTree = "<group>"; };
		0CAFF3A41CB1705500F413DD /* Info.plist */ = {isa = PBXFileReference; lastKnownFileType = text.plist.xml; path = Info.plist; sourceTree = "<group>"; };
		0CAFF3B01CB1789000F413DD /* CoreLocation.framework */ = {isa = PBXFileReference; lastKnownFileType = wrapper.framework; name = CoreLocation.framework; path = System/Library/Frameworks/CoreLocation.framework; sourceTree = SDKROOT; };
/* End PBXFileReference section */

/* Begin PBXFrameworksBuildPhase section */
		0CAFF37C1CB1705500F413DD /* Frameworks */ = {
			isa = PBXFrameworksBuildPhase;
			buildActionMask = 2147483647;
			files = (
				0CAFF3B11CB1789000F413DD /* CoreLocation.framework in Frameworks */,
			);
			runOnlyForDeploymentPostprocessing = 0;
		};
		0CAFF3901CB1705500F413DD /* Frameworks */ = {
			isa = PBXFrameworksBuildPhase;
			buildActionMask = 2147483647;
			files = (
			);
			runOnlyForDeploymentPostprocessing = 0;
		};
		0CAFF39B1CB1705500F413DD /* Frameworks */ = {
			isa = PBXFrameworksBuildPhase;
			buildActionMask = 2147483647;
			files = (
			);
			runOnlyForDeploymentPostprocessing = 0;
		};
/* End PBXFrameworksBuildPhase section */

/* Begin PBXGroup section */
		0CAFF3761CB1705400F413DD = {
			isa = PBXGroup;
			children = (
				0CAFF3B01CB1789000F413DD /* CoreLocation.framework */,
				0CAFF3811CB1705500F413DD /* Map Demo */,
				0CAFF3961CB1705500F413DD /* Map DemoTests */,
				0CAFF3A11CB1705500F413DD /* Map DemoUITests */,
				0CAFF3801CB1705500F413DD /* Products */,
			);
			sourceTree = "<group>";
		};
		0CAFF3801CB1705500F413DD /* Products */ = {
			isa = PBXGroup;
			children = (
				0CAFF37F1CB1705500F413DD /* Map Demo.app */,
				0CAFF3931CB1705500F413DD /* Map DemoTests.xctest */,
				0CAFF39E1CB1705500F413DD /* Map DemoUITests.xctest */,
			);
			name = Products;
			sourceTree = "<group>";
		};
		0CAFF3811CB1705500F413DD /* Map Demo */ = {
			isa = PBXGroup;
			children = (
				0CAFF3821CB1705500F413DD /* AppDelegate.swift */,
				0CAFF3841CB1705500F413DD /* ViewController.swift */,
				0CAFF3861CB1705500F413DD /* Main.storyboard */,
				0CAFF3891CB1705500F413DD /* Assets.xcassets */,
				0CAFF38B1CB1705500F413DD /* LaunchScreen.storyboard */,
				0CAFF38E1CB1705500F413DD /* Info.plist */,
			);
			path = "Map Demo";
			sourceTree = "<group>";
		};
		0CAFF3961CB1705500F413DD /* Map DemoTests */ = {
			isa = PBXGroup;
			children = (
				0CAFF3971CB1705500F413DD /* Map_DemoTests.swift */,
				0CAFF3991CB1705500F413DD /* Info.plist */,
			);
			path = "Map DemoTests";
			sourceTree = "<group>";
		};
		0CAFF3A11CB1705500F413DD /* Map DemoUITests */ = {
			isa = PBXGroup;
			children = (
				0CAFF3A21CB1705500F413DD /* Map_DemoUITests.swift */,
				0CAFF3A41CB1705500F413DD /* Info.plist */,
			);
			path = "Map DemoUITests";
			sourceTree = "<group>";
		};
/* End PBXGroup section */

/* Begin PBXNativeTarget section */
		0CAFF37E1CB1705500F413DD /* Map Demo */ = {
			isa = PBXNativeTarget;
			buildConfigurationList = 0CAFF3A71CB1705500F413DD /* Build configuration list for PBXNativeTarget "Map Demo" */;
			buildPhases = (
				0CAFF37B1CB1705500F413DD /* Sources */,
				0CAFF37C1CB1705500F413DD /* Frameworks */,
				0CAFF37D1CB1705500F413DD /* Resources */,
			);
			buildRules = (
			);
			dependencies = (
			);
			name = "Map Demo";
			productName = "Map Demo";
			productReference = 0CAFF37F1CB1705500F413DD /* Map Demo.app */;
			productType = "com.apple.product-type.application";
		};
		0CAFF3921CB1705500F413DD /* Map DemoTests */ = {
			isa = PBXNativeTarget;
			buildConfigurationList = 0CAFF3AA1CB1705500F413DD /* Build configuration list for PBXNativeTarget "Map DemoTests" */;
			buildPhases = (
				0CAFF38F1CB1705500F413DD /* Sources */,
				0CAFF3901CB1705500F413DD /* Frameworks */,
				0CAFF3911CB1705500F413DD /* Resources */,
			);
			buildRules = (
			);
			dependencies = (
				0CAFF3951CB1705500F413DD /* PBXTargetDependency */,
			);
			name = "Map DemoTests";
			productName = "Map DemoTests";
			productReference = 0CAFF3931CB1705500F413DD /* Map DemoTests.xctest */;
			productType = "com.apple.product-type.bundle.unit-test";
		};
		0CAFF39D1CB1705500F413DD /* Map DemoUITests */ = {
			isa = PBXNativeTarget;
			buildConfigurationList = 0CAFF3AD1CB1705500F413DD /* Build configuration list for PBXNativeTarget "Map DemoUITests" */;
			buildPhases = (
				0CAFF39A1CB1705500F413DD /* Sources */,
				0CAFF39B1CB1705500F413DD /* Frameworks */,
				0CAFF39C1CB1705500F413DD /* Resources */,
			);
			buildRules = (
			);
			dependencies = (
				0CAFF3A01CB1705500F413DD /* PBXTargetDependency */,
			);
			name = "Map DemoUITests";
			productName = "Map DemoUITests";
			productReference = 0CAFF39E1CB1705500F413DD /* Map DemoUITests.xctest */;
			productType = "com.apple.product-type.bundle.ui-testing";
		};
/* End PBXNativeTarget section */

/* Begin PBXProject section */
		0CAFF3771CB1705500F413DD /* Project object */ = {
			isa = PBXProject;
			attributes = {
				LastSwiftUpdateCheck = 0720;
				LastUpgradeCheck = 0720;
				ORGANIZATIONNAME = "Marco Montalto";
				TargetAttributes = {
					0CAFF37E1CB1705500F413DD = {
						CreatedOnToolsVersion = 7.2;
						DevelopmentTeam = XCETUETQ54;
					};
					0CAFF3921CB1705500F413DD = {
						CreatedOnToolsVersion = 7.2;
						DevelopmentTeam = XCETUETQ54;
						TestTargetID = 0CAFF37E1CB1705500F413DD;
					};
					0CAFF39D1CB1705500F413DD = {
						CreatedOnToolsVersion = 7.2;
						DevelopmentTeam = XCETUETQ54;
						TestTargetID = 0CAFF37E1CB1705500F413DD;
					};
				};
			};
			buildConfigurationList = 0CAFF37A1CB1705500F413DD /* Build configuration list for PBXProject "Map Demo" */;
			compatibilityVersion = "Xcode 3.2";
			developmentRegion = English;
			hasScannedForEncodings = 0;
			knownRegions = (
				en,
				Base,
			);
			mainGroup = 0CAFF3761CB1705400F413DD;
			productRefGroup = 0CAFF3801CB1705500F413DD /* Products */;
			projectDirPath = "";
			projectRoot = "";
			targets = (
				0CAFF37E1CB1705500F413DD /* Map Demo */,
				0CAFF3921CB1705500F413DD /* Map DemoTests */,
				0CAFF39D1CB1705500F413DD /* Map DemoUITests */,
			);
		};
/* End PBXProject section */

/* Begin PBXResourcesBuildPhase section */
		0CAFF37D1CB1705500F413DD /* Resources */ = {
			isa = PBXResourcesBuildPhase;
			buildActionMask = 2147483647;
			files = (
				0CAFF38D1CB1705500F413DD /* LaunchScreen.storyboard in Resources */,
				0CAFF38A1CB1705500F413DD /* Assets.xcassets in Resources */,
				0CAFF3881CB1705500F413DD /* Main.storyboard in Resources */,
			);
			runOnlyForDeploymentPostprocessing = 0;
		};
		0CAFF3911CB1705500F413DD /* Resources */ = {
			isa = PBXResourcesBuildPhase;
			buildActionMask = 2147483647;
			files = (
			);
			runOnlyForDeploymentPostprocessing = 0;
		};
		0CAFF39C1CB1705500F413DD /* Resources */ = {
			isa = PBXResourcesBuildPhase;
			buildActionMask = 2147483647;
			files = (
			);
			runOnlyForDeploymentPostprocessing = 0;
		};
/* End PBXResourcesBuildPhase section */

/* Begin PBXSourcesBuildPhase section */
		0CAFF37B1CB1705500F413DD /* Sources */ = {
			isa = PBXSourcesBuildPhase;
			buildActionMask = 2147483647;
			files = (
				0CAFF3851CB1705500F413DD /* ViewController.swift in Sources */,
				0CAFF3831CB1705500F413DD /* AppDelegate.swift in Sources */,
			);
			runOnlyForDeploymentPostprocessing = 0;
		};
		0CAFF38F1CB1705500F413DD /* Sources */ = {
			isa = PBXSourcesBuildPhase;
			buildActionMask = 2147483647;
			files = (
				0CAFF3981CB1705500F413DD /* Map_DemoTests.swift in Sources */,
			);
			runOnlyForDeploymentPostprocessing = 0;
		};
		0CAFF39A1CB1705500F413DD /* Sources */ = {
			isa = PBXSourcesBuildPhase;
			buildActionMask = 2147483647;
			files = (
				0CAFF3A31CB1705500F413DD /* Map_DemoUITests.swift in Sources */,
			);
			runOnlyForDeploymentPostprocessing = 0;
		};
/* End PBXSourcesBuildPhase section */

/* Begin PBXTargetDependency section */
		0CAFF3951CB1705500F413DD /* PBXTargetDependency */ = {
			isa = PBXTargetDependency;
			target = 0CAFF37E1CB1705500F413DD /* Map Demo */;
			targetProxy = 0CAFF3941CB1705500F413DD /* PBXContainerItemProxy */;
		};
		0CAFF3A01CB1705500F413DD /* PBXTargetDependency */ = {
			isa = PBXTargetDependency;
			target = 0CAFF37E1CB1705500F413DD /* Map Demo */;
			targetProxy = 0CAFF39F1CB1705500F413DD /* PBXContainerItemProxy */;
		};
/* End PBXTargetDependency section */

/* Begin PBXVariantGroup section */
		0CAFF3861CB1705500F413DD /* Main.storyboard */ = {
			isa = PBXVariantGroup;
			children = (
				0CAFF3871CB1705500F413DD /* Base */,
			);
			name = Main.storyboard;
			sourceTree = "<group>";
		};
		0CAFF38B1CB1705500F413DD /* LaunchScreen.storyboard */ = {
			isa = PBXVariantGroup;
			children = (
				0CAFF38C1CB1705500F413DD /* Base */,
			);
			name = LaunchScreen.storyboard;
			sourceTree = "<group>";
		};
/* End PBXVariantGroup section */

/* Begin XCBuildConfiguration section */
		0CAFF3A51CB1705500F413DD /* Debug */ = {
			isa = XCBuildConfiguration;
			buildSettings = {
				ALWAYS_SEARCH_USER_PATHS = NO;
				CLANG_CXX_LANGUAGE_STANDARD = "gnu++0x";
				CLANG_CXX_LIBRARY = "libc++";
				CLANG_ENABLE_MODULES = YES;
				CLANG_ENABLE_OBJC_ARC = YES;
				CLANG_WARN_BOOL_CONVERSION = YES;
				CLANG_WARN_CONSTANT_CONVERSION = YES;
				CLANG_WARN_DIRECT_OBJC_ISA_USAGE = YES_ERROR;
				CLANG_WARN_EMPTY_BODY = YES;
				CLANG_WARN_ENUM_CONVERSION = YES;
				CLANG_WARN_INT_CONVERSION = YES;
				CLANG_WARN_OBJC_ROOT_CLASS = YES_ERROR;
				CLANG_WARN_UNREACHABLE_CODE = YES;
				CLANG_WARN__DUPLICATE_METHOD_MATCH = YES;
				"CODE_SIGN_IDENTITY[sdk=iphoneos*]" = "iPhone Developer";
				COPY_PHASE_STRIP = NO;
				DEBUG_INFORMATION_FORMAT = dwarf;
				ENABLE_STRICT_OBJC_MSGSEND = YES;
				ENABLE_TESTABILITY = YES;
				GCC_C_LANGUAGE_STANDARD = gnu99;
				GCC_DYNAMIC_NO_PIC = NO;
				GCC_NO_COMMON_BLOCKS = YES;
				GCC_OPTIMIZATION_LEVEL = 0;
				GCC_PREPROCESSOR_DEFINITIONS = (
					"DEBUG=1",
					"$(inherited)",
				);
				GCC_WARN_64_TO_32_BIT_CONVERSION = YES;
				GCC_WARN_ABOUT_RETURN_TYPE = YES_ERROR;
				GCC_WARN_UNDECLARED_SELECTOR = YES;
				GCC_WARN_UNINITIALIZED_AUTOS = YES_AGGRESSIVE;
				GCC_WARN_UNUSED_FUNCTION = YES;
				GCC_WARN_UNUSED_VARIABLE = YES;
				IPHONEOS_DEPLOYMENT_TARGET = 9.2;
				MTL_ENABLE_DEBUG_INFO = YES;
				ONLY_ACTIVE_ARCH = YES;
				SDKROOT = iphoneos;
				SWIFT_OPTIMIZATION_LEVEL = "-Onone";
			};
			name = Debug;
		};
		0CAFF3A61CB1705500F413DD /* Release */ = {
			isa = XCBuildConfiguration;
			buildSettings = {
				ALWAYS_SEARCH_USER_PATHS = NO;
				CLANG_CXX_LANGUAGE_STANDARD = "gnu++0x";
				CLANG_CXX_LIBRARY = "libc++";
				CLANG_ENABLE_MODULES = YES;
				CLANG_ENABLE_OBJC_ARC = YES;
				CLANG_WARN_BOOL_CONVERSION = YES;
				CLANG_WARN_CONSTANT_CONVERSION = YES;
				CLANG_WARN_DIRECT_OBJC_ISA_USAGE = YES_ERROR;
				CLANG_WARN_EMPTY_BODY = YES;
				CLANG_WARN_ENUM_CONVERSION = YES;
				CLANG_WARN_INT_CONVERSION = YES;
				CLANG_WARN_OBJC_ROOT_CLASS = YES_ERROR;
				CLANG_WARN_UNREACHABLE_CODE = YES;
				CLANG_WARN__DUPLICATE_METHOD_MATCH = YES;
				"CODE_SIGN_IDENTITY[sdk=iphoneos*]" = "iPhone Developer";
				COPY_PHASE_STRIP = NO;
				DEBUG_INFORMATION_FORMAT = "dwarf-with-dsym";
				ENABLE_NS_ASSERTIONS = NO;
				ENABLE_STRICT_OBJC_MSGSEND = YES;
				GCC_C_LANGUAGE_STANDARD = gnu99;
				GCC_NO_COMMON_BLOCKS = YES;
				GCC_WARN_64_TO_32_BIT_CONVERSION = YES;
				GCC_WARN_ABOUT_RETURN_TYPE = YES_ERROR;
				GCC_WARN_UNDECLARED_SELECTOR = YES;
				GCC_WARN_UNINITIALIZED_AUTOS = YES_AGGRESSIVE;
				GCC_WARN_UNUSED_FUNCTION = YES;
				GCC_WARN_UNUSED_VARIABLE = YES;
				IPHONEOS_DEPLOYMENT_TARGET = 9.2;
				MTL_ENABLE_DEBUG_INFO = NO;
				SDKROOT = iphoneos;
				VALIDATE_PRODUCT = YES;
			};
			name = Release;
		};
		0CAFF3A81CB1705500F413DD /* Debug */ = {
			isa = XCBuildConfiguration;
			buildSettings = {
				ASSETCATALOG_COMPILER_APPICON_NAME = AppIcon;
				INFOPLIST_FILE = "Map Demo/Info.plist";
				LD_RUNPATH_SEARCH_PATHS = "$(inherited) @executable_path/Frameworks";
				PRODUCT_BUNDLE_IDENTIFIER = "MyCompany.Map-Demo";
				PRODUCT_NAME = "$(TARGET_NAME)";
			};
			name = Debug;
		};
		0CAFF3A91CB1705500F413DD /* Release */ = {
			isa = XCBuildConfiguration;
			buildSettings = {
				ASSETCATALOG_COMPILER_APPICON_NAME = AppIcon;
				INFOPLIST_FILE = "Map Demo/Info.plist";
				LD_RUNPATH_SEARCH_PATHS = "$(inherited) @executable_path/Frameworks";
				PRODUCT_BUNDLE_IDENTIFIER = "MyCompany.Map-Demo";
				PRODUCT_NAME = "$(TARGET_NAME)";
			};
			name = Release;
		};
		0CAFF3AB1CB1705500F413DD /* Debug */ = {
			isa = XCBuildConfiguration;
			buildSettings = {
				BUNDLE_LOADER = "$(TEST_HOST)";
				INFOPLIST_FILE = "Map DemoTests/Info.plist";
				LD_RUNPATH_SEARCH_PATHS = "$(inherited) @executable_path/Frameworks @loader_path/Frameworks";
				PRODUCT_BUNDLE_IDENTIFIER = "MyCompany.Map-DemoTests";
				PRODUCT_NAME = "$(TARGET_NAME)";
				TEST_HOST = "$(BUILT_PRODUCTS_DIR)/Map Demo.app/Map Demo";
			};
			name = Debug;
		};
		0CAFF3AC1CB1705500F413DD /* Release */ = {
			isa = XCBuildConfiguration;
			buildSettings = {
				BUNDLE_LOADER = "$(TEST_HOST)";
				INFOPLIST_FILE = "Map DemoTests/Info.plist";
				LD_RUNPATH_SEARCH_PATHS = "$(inherited) @executable_path/Frameworks @loader_path/Frameworks";
				PRODUCT_BUNDLE_IDENTIFIER = "MyCompany.Map-DemoTests";
				PRODUCT_NAME = "$(TARGET_NAME)";
				TEST_HOST = "$(BUILT_PRODUCTS_DIR)/Map Demo.app/Map Demo";
			};
			name = Release;
		};
		0CAFF3AE1CB1705500F413DD /* Debug */ = {
			isa = XCBuildConfiguration;
			buildSettings = {
				INFOPLIST_FILE = "Map DemoUITests/Info.plist";
				LD_RUNPATH_SEARCH_PATHS = "$(inherited) @executable_path/Frameworks @loader_path/Frameworks";
				PRODUCT_BUNDLE_IDENTIFIER = "MyCompany.Map-DemoUITests";
				PRODUCT_NAME = "$(TARGET_NAME)";
				TEST_TARGET_NAME = "Map Demo";
				USES_XCTRUNNER = YES;
			};
			name = Debug;
		};
		0CAFF3AF1CB1705500F413DD /* Release */ = {
			isa = XCBuildConfiguration;
			buildSettings = {
				INFOPLIST_FILE = "Map DemoUITests/Info.plist";
				LD_RUNPATH_SEARCH_PATHS = "$(inherited) @executable_path/Frameworks @loader_path/Frameworks";
				PRODUCT_BUNDLE_IDENTIFIER = "MyCompany.Map-DemoUITests";
				PRODUCT_NAME = "$(TARGET_NAME)";
				TEST_TARGET_NAME = "Map Demo";
				USES_XCTRUNNER = YES;
			};
			name = Release;
		};
/* End XCBuildConfiguration section */

/* Begin XCConfigurationList section */
		0CAFF37A1CB1705500F413DD /* Build configuration list for PBXProject "Map Demo" */ = {
			isa = XCConfigurationList;
			buildConfigurations = (
				0CAFF3A51CB1705500F413DD /* Debug */,
				0CAFF3A61CB1705500F413DD /* Release */,
			);
			defaultConfigurationIsVisible = 0;
			defaultConfigurationName = Release;
		};
		0CAFF3A71CB1705500F413DD /* Build configuration list for PBXNativeTarget "Map Demo" */ = {
			isa = XCConfigurationList;
			buildConfigurations = (
				0CAFF3A81CB1705500F413DD /* Debug */,
				0CAFF3A91CB1705500F413DD /* Release */,
			);
			defaultConfigurationIsVisible = 0;
		};
		0CAFF3AA1CB1705500F413DD /* Build configuration list for PBXNativeTarget "Map DemoTests" */ = {
			isa = XCConfigurationList;
			buildConfigurations = (
				0CAFF3AB1CB1705500F413DD /* Debug */,
				0CAFF3AC1CB1705500F413DD /* Release */,
			);
			defaultConfigurationIsVisible = 0;
		};
		0CAFF3AD1CB1705500F413DD /* Build configuration list for PBXNativeTarget "Map DemoUITests" */ = {
			isa = XCConfigurationList;
			buildConfigurations = (
				0CAFF3AE1CB1705500F413DD /* Debug */,
				0CAFF3AF1CB1705500F413DD /* Release */,
			);
			defaultConfigurationIsVisible = 0;
		};
/* End XCConfigurationList section */
	};
	rootObject = 0CAFF3771CB1705500F413DD /* Project object */;
}
